
Microsoft Visual Studio Solution File, Format Version 12.00
# Visual Studio Version 17
VisualStudioVersion = 17.11.35327.3
MinimumVisualStudioVersion = 10.0.40219.1
Project("{FAE04EC0-301F-11D3-BF4B-00C04F79EFBC}") = "BerarDenisaLab7", "BerarDenisaLab7.csproj", "{26771FA7-57D4-4948-9005-8EA6CCBDA79F}"
EndProject
Global
	GlobalSection(SolutionConfigurationPlatforms) = preSolution
		Debug|Any CPU = Debug|Any CPU
		Release|Any CPU = Release|Any CPU
	EndGlobalSection
	GlobalSection(ProjectConfigurationPlatforms) = postSolution
		{26771FA7-57D4-4948-9005-8EA6CCBDA79F}.Debug|Any CPU.ActiveCfg = Debug|Any CPU
		{26771FA7-57D4-4948-9005-8EA6CCBDA79F}.Debug|Any CPU.Build.0 = Debug|Any CPU
		{26771FA7-57D4-4948-9005-8EA6CCBDA79F}.Debug|Any CPU.Deploy.0 = Debug|Any CPU
		{26771FA7-57D4-4948-9005-8EA6CCBDA79F}.Release|Any CPU.ActiveCfg = Release|Any CPU
		{26771FA7-57D4-4948-9005-8EA6CCBDA79F}.Release|Any CPU.Build.0 = Release|Any CPU
		{26771FA7-57D4-4948-9005-8EA6CCBDA79F}.Release|Any CPU.Deploy.0 = Release|Any CPU
	EndGlobalSection
	GlobalSection(SolutionProperties) = preSolution
		HideSolutionNode = FALSE
	EndGlobalSection
	GlobalSection(ExtensibilityGlobals) = postSolution
		SolutionGuid = {D02E03EE-326E-4DC0-B738-401B903354B5}
	EndGlobalSection
EndGlobal
